
Microsoft Visual Studio Solution File, Format Version 12.00
# Visual Studio Version 16
VisualStudioVersion = 16.0.30907.101
MinimumVisualStudioVersion = 10.0.40219.1
Project("{9A19103F-16F7-4668-BE54-9A1E7A4F7556}") = "DotnetCoreApi.FileUpload", "DotnetCoreApi.FileUpload.csproj", "{3C62D641-9B4C-4A97-A843-9FF9400AEAD2}"
EndProject
Global
	GlobalSection(SolutionConfigurationPlatforms) = preSolution
		Debug|Any CPU = Debug|Any CPU
		Release|Any CPU = Release|Any CPU
	EndGlobalSection
	GlobalSection(ProjectConfigurationPlatforms) = postSolution
		{3C62D641-9B4C-4A97-A843-9FF9400AEAD2}.Debug|Any CPU.ActiveCfg = Debug|Any CPU
		{3C62D641-9B4C-4A97-A843-9FF9400AEAD2}.Debug|Any CPU.Build.0 = Debug|Any CPU
		{3C62D641-9B4C-4A97-A843-9FF9400AEAD2}.Release|Any CPU.ActiveCfg = Release|Any CPU
		{3C62D641-9B4C-4A97-A843-9FF9400AEAD2}.Release|Any CPU.Build.0 = Release|Any CPU
	EndGlobalSection
	GlobalSection(SolutionProperties) = preSolution
		HideSolutionNode = FALSE
	EndGlobalSection
	GlobalSection(ExtensibilityGlobals) = postSolution
		SolutionGuid = {F1D187D4-21DD-453E-916D-5A5F68086E0C}
	EndGlobalSection
EndGlobal
